// !$*UTF8*$!
{
	archiveVersion = 1;
	classes = {
	};
	objectVersion = 56;
	objects = {

/* Begin PBXBuildFile section */
		CF411FB92982AAD600050646 /* AppDelegate.swift in Sources */ = {isa = PBXBuildFile; fileRef = CF411FB82982AAD600050646 /* AppDelegate.swift */; };
		CF411FBB2982AAD600050646 /* SceneDelegate.swift in Sources */ = {isa = PBXBuildFile; fileRef = CF411FBA2982AAD600050646 /* SceneDelegate.swift */; };
		CF411FBD2982AAD600050646 /* ViewController.swift in Sources */ = {isa = PBXBuildFile; fileRef = CF411FBC2982AAD600050646 /* ViewController.swift */; };
		CF411FC02982AAD600050646 /* Main.storyboard in Resources */ = {isa = PBXBuildFile; fileRef = CF411FBE2982AAD600050646 /* Main.storyboard */; };
		CF411FC22982AAD700050646 /* Assets.xcassets in Resources */ = {isa = PBXBuildFile; fileRef = CF411FC12982AAD700050646 /* Assets.xcassets */; };
		CF411FC52982AAD700050646 /* LaunchScreen.storyboard in Resources */ = {isa = PBXBuildFile; fileRef = CF411FC32982AAD700050646 /* LaunchScreen.storyboard */; };
		CF411FCE2982AD1400050646 /* ViewController.swift in Sources */ = {isa = PBXBuildFile; fileRef = CF411FBC2982AAD600050646 /* ViewController.swift */; };
		CF411FCF2982AD1400050646 /* AppDelegate.swift in Sources */ = {isa = PBXBuildFile; fileRef = CF411FB82982AAD600050646 /* AppDelegate.swift */; };
		CF411FD02982AD1400050646 /* SceneDelegate.swift in Sources */ = {isa = PBXBuildFile; fileRef = CF411FBA2982AAD600050646 /* SceneDelegate.swift */; };
		CF411FD32982AD1400050646 /* LaunchScreen.storyboard in Resources */ = {isa = PBXBuildFile; fileRef = CF411FC32982AAD700050646 /* LaunchScreen.storyboard */; };
		CF411FD42982AD1400050646 /* Assets.xcassets in Resources */ = {isa = PBXBuildFile; fileRef = CF411FC12982AAD700050646 /* Assets.xcassets */; };
		CF411FD52982AD1400050646 /* Main.storyboard in Resources */ = {isa = PBXBuildFile; fileRef = CF411FBE2982AAD600050646 /* Main.storyboard */; };
		CF411FDD2982AD1F00050646 /* ViewController.swift in Sources */ = {isa = PBXBuildFile; fileRef = CF411FBC2982AAD600050646 /* ViewController.swift */; };
		CF411FDE2982AD1F00050646 /* AppDelegate.swift in Sources */ = {isa = PBXBuildFile; fileRef = CF411FB82982AAD600050646 /* AppDelegate.swift */; };
		CF411FDF2982AD1F00050646 /* SceneDelegate.swift in Sources */ = {isa = PBXBuildFile; fileRef = CF411FBA2982AAD600050646 /* SceneDelegate.swift */; };
		CF411FE22982AD1F00050646 /* LaunchScreen.storyboard in Resources */ = {isa = PBXBuildFile; fileRef = CF411FC32982AAD700050646 /* LaunchScreen.storyboard */; };
		CF411FE32982AD1F00050646 /* Assets.xcassets in Resources */ = {isa = PBXBuildFile; fileRef = CF411FC12982AAD700050646 /* Assets.xcassets */; };
		CF411FE42982AD1F00050646 /* Main.storyboard in Resources */ = {isa = PBXBuildFile; fileRef = CF411FBE2982AAD600050646 /* Main.storyboard */; };
/* End PBXBuildFile section */

/* Begin PBXFileReference section */
		CF411FB52982AAD600050646 /* MultipleLoyalty.app */ = {isa = PBXFileReference; explicitFileType = wrapper.application; includeInIndex = 0; path = MultipleLoyalty.app; sourceTree = BUILT_PRODUCTS_DIR; };
		CF411FB82982AAD600050646 /* AppDelegate.swift */ = {isa = PBXFileReference; lastKnownFileType = sourcecode.swift; path = AppDelegate.swift; sourceTree = "<group>"; };
		CF411FBA2982AAD600050646 /* SceneDelegate.swift */ = {isa = PBXFileReference; lastKnownFileType = sourcecode.swift; path = SceneDelegate.swift; sourceTree = "<group>"; };
		CF411FBC2982AAD600050646 /* ViewController.swift */ = {isa = PBXFileReference; lastKnownFileType = sourcecode.swift; path = ViewController.swift; sourceTree = "<group>"; };
		CF411FBF2982AAD600050646 /* Base */ = {isa = PBXFileReference; lastKnownFileType = file.storyboard; name = Base; path = Base.lproj/Main.storyboard; sourceTree = "<group>"; };
		CF411FC12982AAD700050646 /* Assets.xcassets */ = {isa = PBXFileReference; lastKnownFileType = folder.assetcatalog; path = Assets.xcassets; sourceTree = "<group>"; };
		CF411FC42982AAD700050646 /* Base */ = {isa = PBXFileReference; lastKnownFileType = file.storyboard; name = Base; path = Base.lproj/LaunchScreen.storyboard; sourceTree = "<group>"; };
		CF411FC62982AAD700050646 /* Info.plist */ = {isa = PBXFileReference; lastKnownFileType = text.plist.xml; path = Info.plist; sourceTree = "<group>"; };
		CF411FD92982AD1400050646 /* Sample1.app */ = {isa = PBXFileReference; explicitFileType = wrapper.application; includeInIndex = 0; path = Sample1.app; sourceTree = BUILT_PRODUCTS_DIR; };
		CF411FE82982AD1F00050646 /* Sample2.app */ = {isa = PBXFileReference; explicitFileType = wrapper.application; includeInIndex = 0; path = Sample2.app; sourceTree = BUILT_PRODUCTS_DIR; };
/* End PBXFileReference section */

/* Begin PBXFrameworksBuildPhase section */
		CF411FB22982AAD600050646 /* Frameworks */ = {
			isa = PBXFrameworksBuildPhase;
			buildActionMask = 2147483647;
			files = (
			);
			runOnlyForDeploymentPostprocessing = 0;
		};
		CF411FD12982AD1400050646 /* Frameworks */ = {
			isa = PBXFrameworksBuildPhase;
			buildActionMask = 2147483647;
			files = (
			);
			runOnlyForDeploymentPostprocessing = 0;
		};
		CF411FE02982AD1F00050646 /* Frameworks */ = {
			isa = PBXFrameworksBuildPhase;
			buildActionMask = 2147483647;
			files = (
			);
			runOnlyForDeploymentPostprocessing = 0;
		};
/* End PBXFrameworksBuildPhase section */

/* Begin PBXGroup section */
		CF411FAC2982AAD600050646 = {
			isa = PBXGroup;
			children = (
				CF411FB72982AAD600050646 /* MultipleLoyalty */,
				CF411FB62982AAD600050646 /* Products */,
			);
			sourceTree = "<group>";
		};
		CF411FB62982AAD600050646 /* Products */ = {
			isa = PBXGroup;
			children = (
				CF411FB52982AAD600050646 /* MultipleLoyalty.app */,
				CF411FD92982AD1400050646 /* Sample1.app */,
				CF411FE82982AD1F00050646 /* Sample2.app */,
			);
			name = Products;
			sourceTree = "<group>";
		};
		CF411FB72982AAD600050646 /* MultipleLoyalty */ = {
			isa = PBXGroup;
			children = (
				CF411FB82982AAD600050646 /* AppDelegate.swift */,
				CF411FBA2982AAD600050646 /* SceneDelegate.swift */,
				CF411FBC2982AAD600050646 /* ViewController.swift */,
				CF411FBE2982AAD600050646 /* Main.storyboard */,
				CF411FC12982AAD700050646 /* Assets.xcassets */,
				CF411FC32982AAD700050646 /* LaunchScreen.storyboard */,
				CF411FC62982AAD700050646 /* Info.plist */,
			);
			path = MultipleLoyalty;
			sourceTree = "<group>";
		};
/* End PBXGroup section */

/* Begin PBXNativeTarget section */
		CF411FB42982AAD600050646 /* MultipleLoyalty */ = {
			isa = PBXNativeTarget;
			buildConfigurationList = CF411FC92982AAD700050646 /* Build configuration list for PBXNativeTarget "MultipleLoyalty" */;
			buildPhases = (
				CF411FB12982AAD600050646 /* Sources */,
				CF411FB22982AAD600050646 /* Frameworks */,
				CF411FB32982AAD600050646 /* Resources */,
			);
			buildRules = (
			);
			dependencies = (
			);
			name = MultipleLoyalty;
			productName = MultipleLoyalty;
			productReference = CF411FB52982AAD600050646 /* MultipleLoyalty.app */;
			productType = "com.apple.product-type.application";
		};
		CF411FCC2982AD1400050646 /* Sample1 */ = {
			isa = PBXNativeTarget;
			buildConfigurationList = CF411FD62982AD1400050646 /* Build configuration list for PBXNativeTarget "Sample1" */;
			buildPhases = (
				CF411FCD2982AD1400050646 /* Sources */,
				CF411FD12982AD1400050646 /* Frameworks */,
				CF411FD22982AD1400050646 /* Resources */,
			);
			buildRules = (
			);
			dependencies = (
			);
			name = Sample1;
			productName = MultipleLoyalty;
			productReference = CF411FD92982AD1400050646 /* Sample1.app */;
			productType = "com.apple.product-type.application";
		};
		CF411FDB2982AD1F00050646 /* Sample2 */ = {
			isa = PBXNativeTarget;
			buildConfigurationList = CF411FE52982AD1F00050646 /* Build configuration list for PBXNativeTarget "Sample2" */;
			buildPhases = (
				CF411FDC2982AD1F00050646 /* Sources */,
				CF411FE02982AD1F00050646 /* Frameworks */,
				CF411FE12982AD1F00050646 /* Resources */,
			);
			buildRules = (
			);
			dependencies = (
			);
			name = Sample2;
			productName = MultipleLoyalty;
			productReference = CF411FE82982AD1F00050646 /* Sample2.app */;
			productType = "com.apple.product-type.application";
		};
/* End PBXNativeTarget section */

/* Begin PBXProject section */
		CF411FAD2982AAD600050646 /* Project object */ = {
			isa = PBXProject;
			attributes = {
				BuildIndependentTargetsInParallel = 1;
				LastSwiftUpdateCheck = 1420;
				LastUpgradeCheck = 1420;
				TargetAttributes = {
					CF411FB42982AAD600050646 = {
						CreatedOnToolsVersion = 14.2;
					};
				};
			};
			buildConfigurationList = CF411FB02982AAD600050646 /* Build configuration list for PBXProject "MultipleLoyalty" */;
			compatibilityVersion = "Xcode 14.0";
			developmentRegion = en;
			hasScannedForEncodings = 0;
			knownRegions = (
				en,
				Base,
			);
			mainGroup = CF411FAC2982AAD600050646;
			productRefGroup = CF411FB62982AAD600050646 /* Products */;
			projectDirPath = "";
			projectRoot = "";
			targets = (
				CF411FB42982AAD600050646 /* MultipleLoyalty */,
				CF411FCC2982AD1400050646 /* Sample1 */,
				CF411FDB2982AD1F00050646 /* Sample2 */,
			);
		};
/* End PBXProject section */

/* Begin PBXResourcesBuildPhase section */
		CF411FB32982AAD600050646 /* Resources */ = {
			isa = PBXResourcesBuildPhase;
			buildActionMask = 2147483647;
			files = (
				CF411FC52982AAD700050646 /* LaunchScreen.storyboard in Resources */,
				CF411FC22982AAD700050646 /* Assets.xcassets in Resources */,
				CF411FC02982AAD600050646 /* Main.storyboard in Resources */,
			);
			runOnlyForDeploymentPostprocessing = 0;
		};
		CF411FD22982AD1400050646 /* Resources */ = {
			isa = PBXResourcesBuildPhase;
			buildActionMask = 2147483647;
			files = (
				CF411FD32982AD1400050646 /* LaunchScreen.storyboard in Resources */,
				CF411FD42982AD1400050646 /* Assets.xcassets in Resources */,
				CF411FD52982AD1400050646 /* Main.storyboard in Resources */,
			);
			runOnlyForDeploymentPostprocessing = 0;
		};
		CF411FE12982AD1F00050646 /* Resources */ = {
			isa = PBXResourcesBuildPhase;
			buildActionMask = 2147483647;
			files = (
				CF411FE22982AD1F00050646 /* LaunchScreen.storyboard in Resources */,
				CF411FE32982AD1F00050646 /* Assets.xcassets in Resources */,
				CF411FE42982AD1F00050646 /* Main.storyboard in Resources */,
			);
			runOnlyForDeploymentPostprocessing = 0;
		};
/* End PBXResourcesBuildPhase section */

/* Begin PBXSourcesBuildPhase section */
		CF411FB12982AAD600050646 /* Sources */ = {
			isa = PBXSourcesBuildPhase;
			buildActionMask = 2147483647;
			files = (
				CF411FBD2982AAD600050646 /* ViewController.swift in Sources */,
				CF411FB92982AAD600050646 /* AppDelegate.swift in Sources */,
				CF411FBB2982AAD600050646 /* SceneDelegate.swift in Sources */,
			);
			runOnlyForDeploymentPostprocessing = 0;
		};
		CF411FCD2982AD1400050646 /* Sources */ = {
			isa = PBXSourcesBuildPhase;
			buildActionMask = 2147483647;
			files = (
				CF411FCE2982AD1400050646 /* ViewController.swift in Sources */,
				CF411FCF2982AD1400050646 /* AppDelegate.swift in Sources */,
				CF411FD02982AD1400050646 /* SceneDelegate.swift in Sources */,
			);
			runOnlyForDeploymentPostprocessing = 0;
		};
		CF411FDC2982AD1F00050646 /* Sources */ = {
			isa = PBXSourcesBuildPhase;
			buildActionMask = 2147483647;
			files = (
				CF411FDD2982AD1F00050646 /* ViewController.swift in Sources */,
				CF411FDE2982AD1F00050646 /* AppDelegate.swift in Sources */,
				CF411FDF2982AD1F00050646 /* SceneDelegate.swift in Sources */,
			);
			runOnlyForDeploymentPostprocessing = 0;
		};
/* End PBXSourcesBuildPhase section */

/* Begin PBXVariantGroup section */
		CF411FBE2982AAD600050646 /* Main.storyboard */ = {
			isa = PBXVariantGroup;
			children = (
				CF411FBF2982AAD600050646 /* Base */,
			);
			name = Main.storyboard;
			sourceTree = "<group>";
		};
		CF411FC32982AAD700050646 /* LaunchScreen.storyboard */ = {
			isa = PBXVariantGroup;
			children = (
				CF411FC42982AAD700050646 /* Base */,
			);
			name = LaunchScreen.storyboard;
			sourceTree = "<group>";
		};
/* End PBXVariantGroup section */

/* Begin XCBuildConfiguration section */
		CF411FC72982AAD700050646 /* Debug */ = {
			isa = XCBuildConfiguration;
			buildSettings = {
				ALWAYS_SEARCH_USER_PATHS = NO;
				CLANG_ANALYZER_NONNULL = YES;
				CLANG_ANALYZER_NUMBER_OBJECT_CONVERSION = YES_AGGRESSIVE;
				CLANG_CXX_LANGUAGE_STANDARD = "gnu++20";
				CLANG_ENABLE_MODULES = YES;
				CLANG_ENABLE_OBJC_ARC = YES;
				CLANG_ENABLE_OBJC_WEAK = YES;
				CLANG_WARN_BLOCK_CAPTURE_AUTORELEASING = YES;
				CLANG_WARN_BOOL_CONVERSION = YES;
				CLANG_WARN_COMMA = YES;
				CLANG_WARN_CONSTANT_CONVERSION = YES;
				CLANG_WARN_DEPRECATED_OBJC_IMPLEMENTATIONS = YES;
				CLANG_WARN_DIRECT_OBJC_ISA_USAGE = YES_ERROR;
				CLANG_WARN_DOCUMENTATION_COMMENTS = YES;
				CLANG_WARN_EMPTY_BODY = YES;
				CLANG_WARN_ENUM_CONVERSION = YES;
				CLANG_WARN_INFINITE_RECURSION = YES;
				CLANG_WARN_INT_CONVERSION = YES;
				CLANG_WARN_NON_LITERAL_NULL_CONVERSION = YES;
				CLANG_WARN_OBJC_IMPLICIT_RETAIN_SELF = YES;
				CLANG_WARN_OBJC_LITERAL_CONVERSION = YES;
				CLANG_WARN_OBJC_ROOT_CLASS = YES_ERROR;
				CLANG_WARN_QUOTED_INCLUDE_IN_FRAMEWORK_HEADER = YES;
				CLANG_WARN_RANGE_LOOP_ANALYSIS = YES;
				CLANG_WARN_STRICT_PROTOTYPES = YES;
				CLANG_WARN_SUSPICIOUS_MOVE = YES;
				CLANG_WARN_UNGUARDED_AVAILABILITY = YES_AGGRESSIVE;
				CLANG_WARN_UNREACHABLE_CODE = YES;
				CLANG_WARN__DUPLICATE_METHOD_MATCH = YES;
				COPY_PHASE_STRIP = NO;
				DEBUG_INFORMATION_FORMAT = dwarf;
				ENABLE_STRICT_OBJC_MSGSEND = YES;
				ENABLE_TESTABILITY = YES;
				GCC_C_LANGUAGE_STANDARD = gnu11;
				GCC_DYNAMIC_NO_PIC = NO;
				GCC_NO_COMMON_BLOCKS = YES;
				GCC_OPTIMIZATION_LEVEL = 0;
				GCC_PREPROCESSOR_DEFINITIONS = (
					"DEBUG=1",
					"$(inherited)",
				);
				GCC_WARN_64_TO_32_BIT_CONVERSION = YES;
				GCC_WARN_ABOUT_RETURN_TYPE = YES_ERROR;
				GCC_WARN_UNDECLARED_SELECTOR = YES;
				GCC_WARN_UNINITIALIZED_AUTOS = YES_AGGRESSIVE;
				GCC_WARN_UNUSED_FUNCTION = YES;
				GCC_WARN_UNUSED_VARIABLE = YES;
				IPHONEOS_DEPLOYMENT_TARGET = 16.2;
				MTL_ENABLE_DEBUG_INFO = INCLUDE_SOURCE;
				MTL_FAST_MATH = YES;
				ONLY_ACTIVE_ARCH = YES;
				SDKROOT = iphoneos;
				SWIFT_ACTIVE_COMPILATION_CONDITIONS = DEBUG;
				SWIFT_OPTIMIZATION_LEVEL = "-Onone";
			};
			name = Debug;
		};
		CF411FC82982AAD700050646 /* Release */ = {
			isa = XCBuildConfiguration;
			buildSettings = {
				ALWAYS_SEARCH_USER_PATHS = NO;
				CLANG_ANALYZER_NONNULL = YES;
				CLANG_ANALYZER_NUMBER_OBJECT_CONVERSION = YES_AGGRESSIVE;
				CLANG_CXX_LANGUAGE_STANDARD = "gnu++20";
				CLANG_ENABLE_MODULES = YES;
				CLANG_ENABLE_OBJC_ARC = YES;
				CLANG_ENABLE_OBJC_WEAK = YES;
				CLANG_WARN_BLOCK_CAPTURE_AUTORELEASING = YES;
				CLANG_WARN_BOOL_CONVERSION = YES;
				CLANG_WARN_COMMA = YES;
				CLANG_WARN_CONSTANT_CONVERSION = YES;
				CLANG_WARN_DEPRECATED_OBJC_IMPLEMENTATIONS = YES;
				CLANG_WARN_DIRECT_OBJC_ISA_USAGE = YES_ERROR;
				CLANG_WARN_DOCUMENTATION_COMMENTS = YES;
				CLANG_WARN_EMPTY_BODY = YES;
				CLANG_WARN_ENUM_CONVERSION = YES;
				CLANG_WARN_INFINITE_RECURSION = YES;
				CLANG_WARN_INT_CONVERSION = YES;
				CLANG_WARN_NON_LITERAL_NULL_CONVERSION = YES;
				CLANG_WARN_OBJC_IMPLICIT_RETAIN_SELF = YES;
				CLANG_WARN_OBJC_LITERAL_CONVERSION = YES;
				CLANG_WARN_OBJC_ROOT_CLASS = YES_ERROR;
				CLANG_WARN_QUOTED_INCLUDE_IN_FRAMEWORK_HEADER = YES;
				CLANG_WARN_RANGE_LOOP_ANALYSIS = YES;
				CLANG_WARN_STRICT_PROTOTYPES = YES;
				CLANG_WARN_SUSPICIOUS_MOVE = YES;
				CLANG_WARN_UNGUARDED_AVAILABILITY = YES_AGGRESSIVE;
				CLANG_WARN_UNREACHABLE_CODE = YES;
				CLANG_WARN__DUPLICATE_METHOD_MATCH = YES;
				COPY_PHASE_STRIP = NO;
				DEBUG_INFORMATION_FORMAT = "dwarf-with-dsym";
				ENABLE_NS_ASSERTIONS = NO;
				ENABLE_STRICT_OBJC_MSGSEND = YES;
				GCC_C_LANGUAGE_STANDARD = gnu11;
				GCC_NO_COMMON_BLOCKS = YES;
				GCC_WARN_64_TO_32_BIT_CONVERSION = YES;
				GCC_WARN_ABOUT_RETURN_TYPE = YES_ERROR;
				GCC_WARN_UNDECLARED_SELECTOR = YES;
				GCC_WARN_UNINITIALIZED_AUTOS = YES_AGGRESSIVE;
				GCC_WARN_UNUSED_FUNCTION = YES;
				GCC_WARN_UNUSED_VARIABLE = YES;
				IPHONEOS_DEPLOYMENT_TARGET = 16.2;
				MTL_ENABLE_DEBUG_INFO = NO;
				MTL_FAST_MATH = YES;
				SDKROOT = iphoneos;
				SWIFT_COMPILATION_MODE = wholemodule;
				SWIFT_OPTIMIZATION_LEVEL = "-O";
				VALIDATE_PRODUCT = YES;
			};
			name = Release;
		};
		CF411FCA2982AAD700050646 /* Debug */ = {
			isa = XCBuildConfiguration;
			buildSettings = {
				ASSETCATALOG_COMPILER_APPICON_NAME = AppIcon;
				ASSETCATALOG_COMPILER_GLOBAL_ACCENT_COLOR_NAME = AccentColor;
				CODE_SIGN_STYLE = Automatic;
				CURRENT_PROJECT_VERSION = 1;
				DEVELOPMENT_TEAM = 7FX9FX9T59;
				GENERATE_INFOPLIST_FILE = YES;
				INFOPLIST_FILE = MultipleLoyalty/Info.plist;
				INFOPLIST_KEY_UIApplicationSupportsIndirectInputEvents = YES;
				INFOPLIST_KEY_UILaunchStoryboardName = LaunchScreen;
				INFOPLIST_KEY_UIMainStoryboardFile = Main;
				INFOPLIST_KEY_UISupportedInterfaceOrientations_iPad = "UIInterfaceOrientationPortrait UIInterfaceOrientationPortraitUpsideDown UIInterfaceOrientationLandscapeLeft UIInterfaceOrientationLandscapeRight";
				INFOPLIST_KEY_UISupportedInterfaceOrientations_iPhone = "UIInterfaceOrientationPortrait UIInterfaceOrientationLandscapeLeft UIInterfaceOrientationLandscapeRight";
				LD_RUNPATH_SEARCH_PATHS = (
					"$(inherited)",
					"@executable_path/Frameworks",
				);
				MARKETING_VERSION = 1.0;
				PRODUCT_BUNDLE_IDENTIFIER = com.ebubekirsezer.multipleloyalty;
				PRODUCT_NAME = "$(TARGET_NAME)";
				SWIFT_EMIT_LOC_STRINGS = YES;
				SWIFT_VERSION = 5.0;
				TARGETED_DEVICE_FAMILY = "1,2";
			};
			name = Debug;
		};
		CF411FCB2982AAD700050646 /* Release */ = {
			isa = XCBuildConfiguration;
			buildSettings = {
				ASSETCATALOG_COMPILER_APPICON_NAME = AppIcon;
				ASSETCATALOG_COMPILER_GLOBAL_ACCENT_COLOR_NAME = AccentColor;
				"CODE_SIGN_IDENTITY[sdk=iphoneos*]" = "iPhone Distribution";
				CODE_SIGN_STYLE = Manual;
				CURRENT_PROJECT_VERSION = 1;
				DEVELOPMENT_TEAM = "";
				"DEVELOPMENT_TEAM[sdk=iphoneos*]" = 7FX9FX9T59;
				GENERATE_INFOPLIST_FILE = YES;
				INFOPLIST_FILE = MultipleLoyalty/Info.plist;
				INFOPLIST_KEY_UIApplicationSupportsIndirectInputEvents = YES;
				INFOPLIST_KEY_UILaunchStoryboardName = LaunchScreen;
				INFOPLIST_KEY_UIMainStoryboardFile = Main;
				INFOPLIST_KEY_UISupportedInterfaceOrientations_iPad = "UIInterfaceOrientationPortrait UIInterfaceOrientationPortraitUpsideDown UIInterfaceOrientationLandscapeLeft UIInterfaceOrientationLandscapeRight";
				INFOPLIST_KEY_UISupportedInterfaceOrientations_iPhone = "UIInterfaceOrientationPortrait UIInterfaceOrientationLandscapeLeft UIInterfaceOrientationLandscapeRight";
				LD_RUNPATH_SEARCH_PATHS = (
					"$(inherited)",
					"@executable_path/Frameworks",
				);
				MARKETING_VERSION = 1.0;
				PRODUCT_BUNDLE_IDENTIFIER = com.ebubekirsezer.multipleloyalty;
				PRODUCT_NAME = "$(TARGET_NAME)";
				PROVISIONING_PROFILE_SPECIFIER = "";
				"PROVISIONING_PROFILE_SPECIFIER[sdk=iphoneos*]" = "match AppStore com.ebubekirsezer.multipleloyalty";
				SWIFT_EMIT_LOC_STRINGS = YES;
				SWIFT_VERSION = 5.0;
				TARGETED_DEVICE_FAMILY = "1,2";
			};
			name = Release;
		};
		CF411FD72982AD1400050646 /* Debug */ = {
			isa = XCBuildConfiguration;
			buildSettings = {
				ASSETCATALOG_COMPILER_APPICON_NAME = AppIcon;
				ASSETCATALOG_COMPILER_GLOBAL_ACCENT_COLOR_NAME = AccentColor;
				CODE_SIGN_STYLE = Automatic;
				CURRENT_PROJECT_VERSION = 1;
				DEVELOPMENT_TEAM = 7FX9FX9T59;
				GENERATE_INFOPLIST_FILE = YES;
				INFOPLIST_FILE = MultipleLoyalty/Info.plist;
				INFOPLIST_KEY_UIApplicationSupportsIndirectInputEvents = YES;
				INFOPLIST_KEY_UILaunchStoryboardName = LaunchScreen;
				INFOPLIST_KEY_UIMainStoryboardFile = Main;
				INFOPLIST_KEY_UISupportedInterfaceOrientations_iPad = "UIInterfaceOrientationPortrait UIInterfaceOrientationPortraitUpsideDown UIInterfaceOrientationLandscapeLeft UIInterfaceOrientationLandscapeRight";
				INFOPLIST_KEY_UISupportedInterfaceOrientations_iPhone = "UIInterfaceOrientationPortrait UIInterfaceOrientationLandscapeLeft UIInterfaceOrientationLandscapeRight";
				LD_RUNPATH_SEARCH_PATHS = (
					"$(inherited)",
					"@executable_path/Frameworks",
				);
				MARKETING_VERSION = 1.0;
				PRODUCT_BUNDLE_IDENTIFIER = com.ebubekirsezer.sample1;
				PRODUCT_NAME = "$(TARGET_NAME)";
				SWIFT_EMIT_LOC_STRINGS = YES;
				SWIFT_VERSION = 5.0;
				TARGETED_DEVICE_FAMILY = "1,2";
			};
			name = Debug;
		};
		CF411FD82982AD1400050646 /* Release */ = {
			isa = XCBuildConfiguration;
			buildSettings = {
				ASSETCATALOG_COMPILER_APPICON_NAME = AppIcon;
				ASSETCATALOG_COMPILER_GLOBAL_ACCENT_COLOR_NAME = AccentColor;
				CODE_SIGN_STYLE = Manual;
				CURRENT_PROJECT_VERSION = 1;
				DEVELOPMENT_TEAM = "";
				GENERATE_INFOPLIST_FILE = YES;
				INFOPLIST_FILE = MultipleLoyalty/Info.plist;
				INFOPLIST_KEY_UIApplicationSupportsIndirectInputEvents = YES;
				INFOPLIST_KEY_UILaunchStoryboardName = LaunchScreen;
				INFOPLIST_KEY_UIMainStoryboardFile = Main;
				INFOPLIST_KEY_UISupportedInterfaceOrientations_iPad = "UIInterfaceOrientationPortrait UIInterfaceOrientationPortraitUpsideDown UIInterfaceOrientationLandscapeLeft UIInterfaceOrientationLandscapeRight";
				INFOPLIST_KEY_UISupportedInterfaceOrientations_iPhone = "UIInterfaceOrientationPortrait UIInterfaceOrientationLandscapeLeft UIInterfaceOrientationLandscapeRight";
				LD_RUNPATH_SEARCH_PATHS = (
					"$(inherited)",
					"@executable_path/Frameworks",
				);
				MARKETING_VERSION = 1.0;
				PRODUCT_BUNDLE_IDENTIFIER = com.ebubekirsezer.sample1;
				PRODUCT_NAME = "$(TARGET_NAME)";
				PROVISIONING_PROFILE_SPECIFIER = "";
				SWIFT_EMIT_LOC_STRINGS = YES;
				SWIFT_VERSION = 5.0;
				TARGETED_DEVICE_FAMILY = "1,2";
			};
			name = Release;
		};
		CF411FE62982AD1F00050646 /* Debug */ = {
			isa = XCBuildConfiguration;
			buildSettings = {
				ASSETCATALOG_COMPILER_APPICON_NAME = AppIcon;
				ASSETCATALOG_COMPILER_GLOBAL_ACCENT_COLOR_NAME = AccentColor;
				CODE_SIGN_STYLE = Automatic;
				CURRENT_PROJECT_VERSION = 1;
				DEVELOPMENT_TEAM = 7FX9FX9T59;
				GENERATE_INFOPLIST_FILE = YES;
				INFOPLIST_FILE = MultipleLoyalty/Info.plist;
				INFOPLIST_KEY_UIApplicationSupportsIndirectInputEvents = YES;
				INFOPLIST_KEY_UILaunchStoryboardName = LaunchScreen;
				INFOPLIST_KEY_UIMainStoryboardFile = Main;
				INFOPLIST_KEY_UISupportedInterfaceOrientations_iPad = "UIInterfaceOrientationPortrait UIInterfaceOrientationPortraitUpsideDown UIInterfaceOrientationLandscapeLeft UIInterfaceOrientationLandscapeRight";
				INFOPLIST_KEY_UISupportedInterfaceOrientations_iPhone = "UIInterfaceOrientationPortrait UIInterfaceOrientationLandscapeLeft UIInterfaceOrientationLandscapeRight";
				LD_RUNPATH_SEARCH_PATHS = (
					"$(inherited)",
					"@executable_path/Frameworks",
				);
				MARKETING_VERSION = 1.0;
				PRODUCT_BUNDLE_IDENTIFIER = com.ebubekirsezer.sample2;
				PRODUCT_NAME = "$(TARGET_NAME)";
				SWIFT_EMIT_LOC_STRINGS = YES;
				SWIFT_VERSION = 5.0;
				TARGETED_DEVICE_FAMILY = "1,2";
			};
			name = Debug;
		};
		CF411FE72982AD1F00050646 /* Release */ = {
			isa = XCBuildConfiguration;
			buildSettings = {
				ASSETCATALOG_COMPILER_APPICON_NAME = AppIcon;
				ASSETCATALOG_COMPILER_GLOBAL_ACCENT_COLOR_NAME = AccentColor;
				"CODE_SIGN_IDENTITY[sdk=iphoneos*]" = "iPhone Distribution";
				CODE_SIGN_STYLE = Manual;
				CURRENT_PROJECT_VERSION = 1;
				DEVELOPMENT_TEAM = "";
				"DEVELOPMENT_TEAM[sdk=iphoneos*]" = 7FX9FX9T59;
				GENERATE_INFOPLIST_FILE = YES;
				INFOPLIST_FILE = MultipleLoyalty/Info.plist;
				INFOPLIST_KEY_UIApplicationSupportsIndirectInputEvents = YES;
				INFOPLIST_KEY_UILaunchStoryboardName = LaunchScreen;
				INFOPLIST_KEY_UIMainStoryboardFile = Main;
				INFOPLIST_KEY_UISupportedInterfaceOrientations_iPad = "UIInterfaceOrientationPortrait UIInterfaceOrientationPortraitUpsideDown UIInterfaceOrientationLandscapeLeft UIInterfaceOrientationLandscapeRight";
				INFOPLIST_KEY_UISupportedInterfaceOrientations_iPhone = "UIInterfaceOrientationPortrait UIInterfaceOrientationLandscapeLeft UIInterfaceOrientationLandscapeRight";
				LD_RUNPATH_SEARCH_PATHS = (
					"$(inherited)",
					"@executable_path/Frameworks",
				);
				MARKETING_VERSION = 1.0;
				PRODUCT_BUNDLE_IDENTIFIER = com.ebubekirsezer.sample2;
				PRODUCT_NAME = "$(TARGET_NAME)";
				PROVISIONING_PROFILE_SPECIFIER = "";
				"PROVISIONING_PROFILE_SPECIFIER[sdk=iphoneos*]" = "match AppStore com.ebubekirsezer.sample2";
				SWIFT_EMIT_LOC_STRINGS = YES;
				SWIFT_VERSION = 5.0;
				TARGETED_DEVICE_FAMILY = "1,2";
			};
			name = Release;
		};
/* End XCBuildConfiguration section */

/* Begin XCConfigurationList section */
		CF411FB02982AAD600050646 /* Build configuration list for PBXProject "MultipleLoyalty" */ = {
			isa = XCConfigurationList;
			buildConfigurations = (
				CF411FC72982AAD700050646 /* Debug */,
				CF411FC82982AAD700050646 /* Release */,
			);
			defaultConfigurationIsVisible = 0;
			defaultConfigurationName = Release;
		};
		CF411FC92982AAD700050646 /* Build configuration list for PBXNativeTarget "MultipleLoyalty" */ = {
			isa = XCConfigurationList;
			buildConfigurations = (
				CF411FCA2982AAD700050646 /* Debug */,
				CF411FCB2982AAD700050646 /* Release */,
			);
			defaultConfigurationIsVisible = 0;
			defaultConfigurationName = Release;
		};
		CF411FD62982AD1400050646 /* Build configuration list for PBXNativeTarget "Sample1" */ = {
			isa = XCConfigurationList;
			buildConfigurations = (
				CF411FD72982AD1400050646 /* Debug */,
				CF411FD82982AD1400050646 /* Release */,
			);
			defaultConfigurationIsVisible = 0;
			defaultConfigurationName = Release;
		};
		CF411FE52982AD1F00050646 /* Build configuration list for PBXNativeTarget "Sample2" */ = {
			isa = XCConfigurationList;
			buildConfigurations = (
				CF411FE62982AD1F00050646 /* Debug */,
				CF411FE72982AD1F00050646 /* Release */,
			);
			defaultConfigurationIsVisible = 0;
			defaultConfigurationName = Release;
		};
/* End XCConfigurationList section */
	};
	rootObject = CF411FAD2982AAD600050646 /* Project object */;
}
